
Microsoft Visual Studio Solution File, Format Version 12.00
# Visual Studio Version 17
VisualStudioVersion = 17.12.35521.163
MinimumVisualStudioVersion = 10.0.40219.1
Project("{FAE04EC0-301F-11D3-BF4B-00C04F79EFBC}") = "EFCP", "EFCP\EFCP.csproj", "{09EB5FA9-DEAB-4D9D-95E3-472EAF07906C}"
EndProject
Project("{FAE04EC0-301F-11D3-BF4B-00C04F79EFBC}") = "qvabbytesD1", "qvabbytesD1\qvabbytesD1.csproj", "{5971A792-6EAF-4B78-A7F1-8AC6CB255171}"
EndProject
Project("{FAE04EC0-301F-11D3-BF4B-00C04F79EFBC}") = "Way To EXPERT.", "Way To EXPERT\Way To EXPERT\Way To EXPERT..csproj", "{C574E259-A241-49F4-8830-62CC81A02D1F}"
EndProject
Project("{FAE04EC0-301F-11D3-BF4B-00C04F79EFBC}") = "LeetCode Problems", "LeetCode Problems\LeetCode Problems.csproj", "{6091BDBD-BDAD-4EC7-B753-9F31C78580D0}"
EndProject
Project("{FAE04EC0-301F-11D3-BF4B-00C04F79EFBC}") = "wayToExpert2", "wayToExpert2\wayToExpert2.csproj", "{0925690B-74F7-4B39-99D5-C257EE1484C5}"
EndProject
Global
	GlobalSection(SolutionConfigurationPlatforms) = preSolution
		Debug|Any CPU = Debug|Any CPU
		Release|Any CPU = Release|Any CPU
	EndGlobalSection
	GlobalSection(ProjectConfigurationPlatforms) = postSolution
		{09EB5FA9-DEAB-4D9D-95E3-472EAF07906C}.Debug|Any CPU.ActiveCfg = Debug|Any CPU
		{09EB5FA9-DEAB-4D9D-95E3-472EAF07906C}.Debug|Any CPU.Build.0 = Debug|Any CPU
		{09EB5FA9-DEAB-4D9D-95E3-472EAF07906C}.Release|Any CPU.ActiveCfg = Release|Any CPU
		{09EB5FA9-DEAB-4D9D-95E3-472EAF07906C}.Release|Any CPU.Build.0 = Release|Any CPU
		{5971A792-6EAF-4B78-A7F1-8AC6CB255171}.Debug|Any CPU.ActiveCfg = Debug|Any CPU
		{5971A792-6EAF-4B78-A7F1-8AC6CB255171}.Debug|Any CPU.Build.0 = Debug|Any CPU
		{5971A792-6EAF-4B78-A7F1-8AC6CB255171}.Release|Any CPU.ActiveCfg = Release|Any CPU
		{5971A792-6EAF-4B78-A7F1-8AC6CB255171}.Release|Any CPU.Build.0 = Release|Any CPU
		{C574E259-A241-49F4-8830-62CC81A02D1F}.Debug|Any CPU.ActiveCfg = Debug|Any CPU
		{C574E259-A241-49F4-8830-62CC81A02D1F}.Debug|Any CPU.Build.0 = Debug|Any CPU
		{C574E259-A241-49F4-8830-62CC81A02D1F}.Release|Any CPU.ActiveCfg = Release|Any CPU
		{C574E259-A241-49F4-8830-62CC81A02D1F}.Release|Any CPU.Build.0 = Release|Any CPU
		{6091BDBD-BDAD-4EC7-B753-9F31C78580D0}.Debug|Any CPU.ActiveCfg = Debug|Any CPU
		{6091BDBD-BDAD-4EC7-B753-9F31C78580D0}.Debug|Any CPU.Build.0 = Debug|Any CPU
		{6091BDBD-BDAD-4EC7-B753-9F31C78580D0}.Release|Any CPU.ActiveCfg = Release|Any CPU
		{6091BDBD-BDAD-4EC7-B753-9F31C78580D0}.Release|Any CPU.Build.0 = Release|Any CPU
		{0925690B-74F7-4B39-99D5-C257EE1484C5}.Debug|Any CPU.ActiveCfg = Debug|Any CPU
		{0925690B-74F7-4B39-99D5-C257EE1484C5}.Debug|Any CPU.Build.0 = Debug|Any CPU
		{0925690B-74F7-4B39-99D5-C257EE1484C5}.Release|Any CPU.ActiveCfg = Release|Any CPU
		{0925690B-74F7-4B39-99D5-C257EE1484C5}.Release|Any CPU.Build.0 = Release|Any CPU
	EndGlobalSection
	GlobalSection(SolutionProperties) = preSolution
		HideSolutionNode = FALSE
	EndGlobalSection
	GlobalSection(ExtensibilityGlobals) = postSolution
		SolutionGuid = {AB641BD5-F1FF-494C-B6BC-B853265E7EAB}
	EndGlobalSection
EndGlobal
