
Microsoft Visual Studio Solution File, Format Version 12.00
# Visual Studio Version 17
VisualStudioVersion = 17.8.34330.188
MinimumVisualStudioVersion = 10.0.40219.1
Project("{FAE04EC0-301F-11D3-BF4B-00C04F79EFBC}") = "Way To EXPERT.", "..\Way To EXPERT\Way To EXPERT\Way To EXPERT..csproj", "{5DE3F737-6898-4D56-8B3A-63AF8CBB7058}"
EndProject
Global
	GlobalSection(SolutionConfigurationPlatforms) = preSolution
		Debug|Any CPU = Debug|Any CPU
		Release|Any CPU = Release|Any CPU
	EndGlobalSection
	GlobalSection(ProjectConfigurationPlatforms) = postSolution
		{5DE3F737-6898-4D56-8B3A-63AF8CBB7058}.Debug|Any CPU.ActiveCfg = Debug|Any CPU
		{5DE3F737-6898-4D56-8B3A-63AF8CBB7058}.Debug|Any CPU.Build.0 = Debug|Any CPU
		{5DE3F737-6898-4D56-8B3A-63AF8CBB7058}.Release|Any CPU.ActiveCfg = Release|Any CPU
		{5DE3F737-6898-4D56-8B3A-63AF8CBB7058}.Release|Any CPU.Build.0 = Release|Any CPU
	EndGlobalSection
	GlobalSection(SolutionProperties) = preSolution
		HideSolutionNode = FALSE
	EndGlobalSection
	GlobalSection(ExtensibilityGlobals) = postSolution
		SolutionGuid = {859F6354-DF10-44E2-BB57-4C262F024BFF}
	EndGlobalSection
EndGlobal
